# This file is automatically @generated by Cargo.
# It is not intended for manual editing.
version = 4

[[package]]
name = "ahash"
version = "0.8.12"
source = "registry+https://github.com/rust-lang/crates.io-index"
checksum = "5a15f179cd60c4584b8a8c596927aadc462e27f2ca70c04e0071964a73ba7a75"
dependencies = [
 "cfg-if",
 "getrandom 0.3.4",
 "once_cell",
 "version_check",
 "zerocopy",
]

[[package]]
name = "allocator-api2"
version = "0.2.21"
source = "registry+https://github.com/rust-lang/crates.io-index"
checksum = "683d7910e743518b0e34f1186f92494becacb047c7b6bf616c96772180fef923"

[[package]]
name = "ar_archive_writer"
version = "0.5.2"
source = "registry+https://github.com/rust-lang/crates.io-index"
checksum = "4087686b4b0a3427190bae57a1d9a478dbb2d40c5dc1bd6e2b6d797913bdd348"
dependencies = [
 "object",
]

[[package]]
name = "autocfg"
version = "1.5.1"
source = "registry+https://github.com/rust-lang/crates.io-index"
checksum = "f2032f911046de80f0a198e0901378627c33f59ea0ac00e363d481118bd70a53"

[[package]]
name = "ay-arrays"
version = "0.10.0"
source = "git+https://github.com/alabsystems/ay.git?rev=ac00c30a825721e7a6dd82043e43d01af35e7b60#ac00c30a825721e7a6dd82043e43d01af35e7b60"
dependencies = [
 "ay-core",
 "num-bigint",
 "tracing",
]

[[package]]
name = "ay-bv"
version = "0.10.0"
source = "git+https://github.com/alabsystems/ay.git?rev=ac00c30a825721e7a6dd82043e43d01af35e7b60#ac00c30a825721e7a6dd82043e43d01af35e7b60"
dependencies = [
 "ay-core",
 "ay-sys",
 "num-bigint",
 "stacker",
 "tracing",
]

[[package]]
name = "ay-core"
version = "0.10.0"
source = "git+https://github.com/alabsystems/ay.git?rev=ac00c30a825721e7a6dd82043e43d01af35e7b60#ac00c30a825721e7a6dd82043e43d01af35e7b60"
dependencies = [
 "ay-sys",
 "foldhash 0.1.5",
 "hashbrown 0.15.5",
 "num-bigint",
 "num-integer",
 "num-rational",
 "num-traits",
 "serde",
 "stacker",
 "thiserror",
]

[[package]]
name = "ay-diff-logic"
version = "0.10.0"
source = "git+https://github.com/alabsystems/ay.git?rev=ac00c30a825721e7a6dd82043e43d01af35e7b60#ac00c30a825721e7a6dd82043e43d01af35e7b60"
dependencies = [
 "num-bigint",
 "num-rational",
 "num-traits",
]

[[package]]
name = "ay-dpll"
version = "0.10.0"
source = "git+https://github.com/alabsystems/ay.git?rev=ac00c30a825721e7a6dd82043e43d01af35e7b60#ac00c30a825721e7a6dd82043e43d01af35e7b60"
dependencies = [
 "ay-arrays",
 "ay-bv",
 "ay-core",
 "ay-diff-logic",
 "ay-drat-check",
 "ay-dt",
 "ay-euf",
 "ay-fp",
 "ay-frontend",
 "ay-jit",
 "ay-lia",
 "ay-lra",
 "ay-map",
 "ay-model-check",
 "ay-multiset",
 "ay-nia",
 "ay-nra",
 "ay-proof",
 "ay-sat",
 "ay-seq",
 "ay-set",
 "ay-strings",
 "ay-sys",
 "libc",
 "num-bigint",
 "num-integer",
 "num-rational",
 "num-traits",
 "serde_json",
 "sha2 0.10.9",
 "stacker",
 "thiserror",
 "tracing",
]

[[package]]
name = "ay-drat-check"
version = "0.10.0"
source = "git+https://github.com/alabsystems/ay.git?rev=ac00c30a825721e7a6dd82043e43d01af35e7b60#ac00c30a825721e7a6dd82043e43d01af35e7b60"
dependencies = [
 "ay-proof-common",
 "ay-sys",
 "rustc-hash",
 "thiserror",
]

[[package]]
name = "ay-dt"
version = "0.10.0"
source = "git+https://github.com/alabsystems/ay.git?rev=ac00c30a825721e7a6dd82043e43d01af35e7b60#ac00c30a825721e7a6dd82043e43d01af35e7b60"
dependencies = [
 "ay-core",
 "ay-euf",
 "tracing",
]

[[package]]
name = "ay-euf"
version = "0.10.0"
source = "git+https://github.com/alabsystems/ay.git?rev=ac00c30a825721e7a6dd82043e43d01af35e7b60#ac00c30a825721e7a6dd82043e43d01af35e7b60"
dependencies = [
 "ay-core",
 "hashbrown 0.15.5",
 "num-bigint",
 "tracing",
]

[[package]]
name = "ay-fp"
version = "0.10.0"
source = "git+https://github.com/alabsystems/ay.git?rev=ac00c30a825721e7a6dd82043e43d01af35e7b60#ac00c30a825721e7a6dd82043e43d01af35e7b60"
dependencies = [
 "ay-core",
 "num-bigint",
 "num-rational",
 "num-traits",
 "tracing",
]

[[package]]
name = "ay-frontend"
version = "0.10.0"
source = "git+https://github.com/alabsystems/ay.git?rev=ac00c30a825721e7a6dd82043e43d01af35e7b60#ac00c30a825721e7a6dd82043e43d01af35e7b60"
dependencies = [
 "ay-core",
 "logos",
 "num-bigint",
 "num-rational",
 "num-traits",
 "stacker",
 "thiserror",
]

[[package]]
name = "ay-intsat"
version = "0.10.0"
source = "git+https://github.com/alabsystems/ay.git?rev=ac00c30a825721e7a6dd82043e43d01af35e7b60#ac00c30a825721e7a6dd82043e43d01af35e7b60"
dependencies = [
 "ay-core",
 "num-bigint",
 "num-integer",
 "num-traits",
]

[[package]]
name = "ay-jit"
version = "0.10.0"
source = "git+https://github.com/alabsystems/ay.git?rev=ac00c30a825721e7a6dd82043e43d01af35e7b60#ac00c30a825721e7a6dd82043e43d01af35e7b60"
dependencies = [
 "ay-core",
 "serde",
 "thiserror",
]

[[package]]
name = "ay-lia"
version = "0.10.0"
source = "git+https://github.com/alabsystems/ay.git?rev=ac00c30a825721e7a6dd82043e43d01af35e7b60#ac00c30a825721e7a6dd82043e43d01af35e7b60"
dependencies = [
 "ay-core",
 "ay-intsat",
 "ay-lra",
 "num-bigint",
 "num-integer",
 "num-rational",
 "num-traits",
 "tracing",
]

[[package]]
name = "ay-lra"
version = "0.10.0"
source = "git+https://github.com/alabsystems/ay.git?rev=ac00c30a825721e7a6dd82043e43d01af35e7b60#ac00c30a825721e7a6dd82043e43d01af35e7b60"
dependencies = [
 "ay-core",
 "ay-jit",
 "hashbrown 0.15.5",
 "num-bigint",
 "num-integer",
 "num-rational",
 "num-traits",
 "smallvec",
 "tracing",
]

[[package]]
name = "ay-map"
version = "0.10.0"
source = "git+https://github.com/alabsystems/ay.git?rev=ac00c30a825721e7a6dd82043e43d01af35e7b60#ac00c30a825721e7a6dd82043e43d01af35e7b60"
dependencies = [
 "ay-core",
]

[[package]]
name = "ay-milp"
version = "0.10.0"
source = "git+https://github.com/alabsystems/ay.git?rev=ac00c30a825721e7a6dd82043e43d01af35e7b60#ac00c30a825721e7a6dd82043e43d01af35e7b60"
dependencies = [
 "ay-dpll",
 "ay-lra",
 "ay-pb-core",
 "ay-sat",
 "ay-sys",
 "num-bigint",
 "num-integer",
 "num-rational",
 "num-traits",
 "serde",
 "serde_json",
 "sha2 0.10.9",
 "smallvec",
 "thiserror",
]

[[package]]
name = "ay-model-check"
version = "0.10.0"
source = "git+https://github.com/alabsystems/ay.git?rev=ac00c30a825721e7a6dd82043e43d01af35e7b60#ac00c30a825721e7a6dd82043e43d01af35e7b60"
dependencies = [
 "ay-core",
 "num-bigint",
 "num-integer",
 "num-rational",
 "num-traits",
]

[[package]]
name = "ay-multiset"
version = "0.10.0"
source = "git+https://github.com/alabsystems/ay.git?rev=ac00c30a825721e7a6dd82043e43d01af35e7b60#ac00c30a825721e7a6dd82043e43d01af35e7b60"
dependencies = [
 "ay-core",
]

[[package]]
name = "ay-nia"
version = "0.10.0"
source = "git+https://github.com/alabsystems/ay.git?rev=ac00c30a825721e7a6dd82043e43d01af35e7b60#ac00c30a825721e7a6dd82043e43d01af35e7b60"
dependencies = [
 "ay-core",
 "ay-lia",
 "ay-lra",
 "ay-nonlinear-common",
 "ay-sys",
 "num-bigint",
 "num-integer",
 "num-rational",
 "num-traits",
 "stacker",
 "tracing",
]

[[package]]
name = "ay-nonlinear-common"
version = "0.10.0"
source = "git+https://github.com/alabsystems/ay.git?rev=ac00c30a825721e7a6dd82043e43d01af35e7b60#ac00c30a825721e7a6dd82043e43d01af35e7b60"
dependencies = [
 "num-rational",
 "num-traits",
]

[[package]]
name = "ay-nra"
version = "0.10.0"
source = "git+https://github.com/alabsystems/ay.git?rev=ac00c30a825721e7a6dd82043e43d01af35e7b60#ac00c30a825721e7a6dd82043e43d01af35e7b60"
dependencies = [
 "ay-core",
 "ay-lra",
 "ay-nonlinear-common",
 "hashbrown 0.15.5",
 "num-bigint",
 "num-integer",
 "num-rational",
 "num-traits",
 "stacker",
 "tracing",
]

[[package]]
name = "ay-pb"
version = "0.10.0"
source = "git+https://github.com/alabsystems/ay.git?rev=ac00c30a825721e7a6dd82043e43d01af35e7b60#ac00c30a825721e7a6dd82043e43d01af35e7b60"
dependencies = [
 "ay-core",
 "ay-milp",
 "ay-pb-core",
 "ay-sat",
 "ay-sys",
 "libc",
 "num-bigint",
 "num-rational",
 "num-traits",
 "rustc-hash",
 "serde",
 "serde_json",
 "sha2 0.10.9",
 "signal-hook",
 "thiserror",
]

[[package]]
name = "ay-pb-core"
version = "0.10.0"
source = "git+https://github.com/alabsystems/ay.git?rev=ac00c30a825721e7a6dd82043e43d01af35e7b60#ac00c30a825721e7a6dd82043e43d01af35e7b60"
dependencies = [
 "ay-core",
 "ay-sat",
 "ay-sys",
 "libc",
 "num-bigint",
 "num-rational",
 "num-traits",
 "rustc-hash",
 "serde",
 "serde_json",
 "sha2 0.10.9",
 "signal-hook",
 "thiserror",
]

[[package]]
name = "ay-prefetch"
version = "0.10.0"
source = "git+https://github.com/alabsystems/ay.git?rev=ac00c30a825721e7a6dd82043e43d01af35e7b60#ac00c30a825721e7a6dd82043e43d01af35e7b60"

[[package]]
name = "ay-proof"
version = "0.10.0"
source = "git+https://github.com/alabsystems/ay.git?rev=ac00c30a825721e7a6dd82043e43d01af35e7b60#ac00c30a825721e7a6dd82043e43d01af35e7b60"
dependencies = [
 "ay-core",
 "ay-sat",
 "num-bigint",
 "num-rational",
 "num-traits",
 "serde",
 "thiserror",
]

[[package]]
name = "ay-proof-common"
version = "0.10.0"
source = "git+https://github.com/alabsystems/ay.git?rev=ac00c30a825721e7a6dd82043e43d01af35e7b60#ac00c30a825721e7a6dd82043e43d01af35e7b60"
dependencies = [
 "thiserror",
]

[[package]]
name = "ay-sat"
version = "0.10.0"
source = "git+https://github.com/alabsystems/ay.git?rev=ac00c30a825721e7a6dd82043e43d01af35e7b60#ac00c30a825721e7a6dd82043e43d01af35e7b60"
dependencies = [
 "ay-core",
 "ay-drat-check",
 "ay-prefetch",
 "ay-proof-common",
 "ay-sat-congruence-core",
 "ay-sys",
 "bytemuck",
 "fixedbitset",
 "foldhash 0.1.5",
 "hashbrown 0.15.5",
 "libc",
 "parking_lot",
 "serde_json",
 "sha2 0.10.9",
 "smallvec",
 "thiserror",
 "tracing",
]

[[package]]
name = "ay-sat-congruence-core"
version = "0.10.0"
source = "git+https://github.com/alabsystems/ay.git?rev=ac00c30a825721e7a6dd82043e43d01af35e7b60#ac00c30a825721e7a6dd82043e43d01af35e7b60"

[[package]]
name = "ay-seq"
version = "0.10.0"
source = "git+https://github.com/alabsystems/ay.git?rev=ac00c30a825721e7a6dd82043e43d01af35e7b60#ac00c30a825721e7a6dd82043e43d01af35e7b60"
dependencies = [
 "ay-core",
 "num-bigint",
]

[[package]]
name = "ay-set"
version = "0.10.0"
source = "git+https://github.com/alabsystems/ay.git?rev=ac00c30a825721e7a6dd82043e43d01af35e7b60#ac00c30a825721e7a6dd82043e43d01af35e7b60"
dependencies = [
 "ay-core",
]

[[package]]
name = "ay-strings"
version = "0.10.0"
source = "git+https://github.com/alabsystems/ay.git?rev=ac00c30a825721e7a6dd82043e43d01af35e7b60#ac00c30a825721e7a6dd82043e43d01af35e7b60"
dependencies = [
 "ay-core",
 "num-bigint",
 "tracing",
]

[[package]]
name = "ay-sys"
version = "0.10.0"
source = "git+https://github.com/alabsystems/ay.git?rev=ac00c30a825721e7a6dd82043e43d01af35e7b60#ac00c30a825721e7a6dd82043e43d01af35e7b60"
dependencies = [
 "libc",
 "windows-sys",
]

[[package]]
name = "beef"
version = "0.5.2"
source = "registry+https://github.com/rust-lang/crates.io-index"
checksum = "3a8241f3ebb85c056b509d4327ad0358fbbba6ffb340bf388f26350aeda225b1"

[[package]]
name = "bincode"
version = "1.3.3"
source = "registry+https://github.com/rust-lang/crates.io-index"
checksum = "b1f45e9417d87227c7a56d22e471c6206462cba514c7590c09aff4cf6d1ddcad"
dependencies = [
 "serde",
]

[[package]]
name = "bincode"
version = "2.0.1"
source = "registry+https://github.com/rust-lang/crates.io-index"
checksum = "36eaf5d7b090263e8150820482d5d93cd964a81e4019913c972f4edcc6edb740"
dependencies = [
 "bincode_derive",
 "serde",
 "unty",
]

[[package]]
name = "bincode_derive"
version = "2.0.1"
source = "registry+https://github.com/rust-lang/crates.io-index"
checksum = "bf95709a440f45e986983918d0e8a1f30a9b1df04918fc828670606804ac3c09"
dependencies = [
 "virtue",
]

[[package]]
name = "bitflags"
version = "2.13.0"
source = "registry+https://github.com/rust-lang/crates.io-index"
checksum = "b4388bee8683e3d04af747c73422af53102d2bd24d9eadb6cbc100baef4b43f8"

[[package]]
name = "block-buffer"
version = "0.10.4"
source = "registry+https://github.com/rust-lang/crates.io-index"
checksum = "3078c7629b62d3f0439517fa394996acacc5cbc91c5a20d8c658e77abd503a71"
dependencies = [
 "generic-array",
]

[[package]]
name = "block-buffer"
version = "0.12.1"
source = "registry+https://github.com/rust-lang/crates.io-index"
checksum = "d2f6c7dbe95a6ed67ad9f18e57daf93a2f034c524b99fd2b76d18fdfeb6660aa"
dependencies = [
 "hybrid-array",
]

[[package]]
name = "bytemuck"
version = "1.25.1"
source = "registry+https://github.com/rust-lang/crates.io-index"
checksum = "d6aedf8ae72766347502cf3cb4f41cf5e9cc37d28bee90f1fdaaae15f9cf9424"
dependencies = [
 "bytemuck_derive",
]

[[package]]
name = "bytemuck_derive"
version = "1.11.0"
source = "registry+https://github.com/rust-lang/crates.io-index"
checksum = "f65693059b6b9c588b9f62fed1cedbf0a8b805631457ea162d68f0de186f3de5"
dependencies = [
 "proc-macro2",
 "quote",
 "syn",
]

[[package]]
name = "cc"
version = "1.2.67"
source = "registry+https://github.com/rust-lang/crates.io-index"
checksum = "e17dd265a7d0f31ef544e1b20e03add05d3b45b491b633b10d67145d2acc1a38"
dependencies = [
 "find-msvc-tools",
 "jobserver",
 "libc",
 "shlex",
]

[[package]]
name = "cfg-if"
version = "1.0.4"
source = "registry+https://github.com/rust-lang/crates.io-index"
checksum = "9330f8b2ff13f34540b44e946ef35111825727b38d33286ef986142615121801"

[[package]]
name = "clean-kernel"
version = "1.6.0"
source = "git+https://github.com/alabsystems/clean.git?rev=bc2923ca9a1d0b7ec060803dc922b5e621309378#bc2923ca9a1d0b7ec060803dc922b5e621309378"
dependencies = [
 "ahash",
 "bincode 2.0.1",
 "hashbrown 0.17.1",
 "lz4_flex",
 "num-bigint",
 "num-rational",
 "num-traits",
 "rayon",
 "serde",
 "serde_json",
 "sha2 0.11.0",
 "smallvec",
 "stacker",
 "thiserror",
 "zstd",
]

[[package]]
name = "const-oid"
version = "0.10.2"
source = "registry+https://github.com/rust-lang/crates.io-index"
checksum = "a6ef517f0926dd24a1582492c791b6a4818a4d94e789a334894aa15b0d12f55c"

[[package]]
name = "cpufeatures"
version = "0.2.17"
source = "registry+https://github.com/rust-lang/crates.io-index"
checksum = "59ed5838eebb26a2bb2e58f6d5b5316989ae9d08bab10e0e6d103e656d1b0280"
dependencies = [
 "libc",
]

[[package]]
name = "cpufeatures"
version = "0.3.0"
source = "registry+https://github.com/rust-lang/crates.io-index"
checksum = "8b2a41393f66f16b0823bb79094d54ac5fbd34ab292ddafb9a0456ac9f87d201"
dependencies = [
 "libc",
]

[[package]]
name = "crossbeam-deque"
version = "0.8.6"
source = "registry+https://github.com/rust-lang/crates.io-index"
checksum = "9dd111b7b7f7d55b72c0a6ae361660ee5853c9af73f70c3c2ef6858b950e2e51"
dependencies = [
 "crossbeam-epoch",
 "crossbeam-utils",
]

[[package]]
name = "crossbeam-epoch"
version = "0.9.18"
source = "registry+https://github.com/rust-lang/crates.io-index"
checksum = "5b82ac4a3c2ca9c3460964f020e1402edd5753411d7737aa39c3714ad1b5420e"
dependencies = [
 "crossbeam-utils",
]

[[package]]
name = "crossbeam-utils"
version = "0.8.21"
source = "registry+https://github.com/rust-lang/crates.io-index"
checksum = "d0a5c400df2834b80a4c3327b3aad3a4c4cd4de0629063962b03235697506a28"

[[package]]
name = "crypto-common"
version = "0.1.7"
source = "registry+https://github.com/rust-lang/crates.io-index"
checksum = "78c8292055d1c1df0cce5d180393dc8cce0abec0a7102adb6c7b1eef6016d60a"
dependencies = [
 "generic-array",
 "typenum",
]

[[package]]
name = "crypto-common"
version = "0.2.2"
source = "registry+https://github.com/rust-lang/crates.io-index"
checksum = "ce6e4c961d6cd6c9a86db418387425e8bdeaf05b3c8bc1411e6dca4c252f1453"
dependencies = [
 "hybrid-array",
]

[[package]]
name = "digest"
version = "0.10.7"
source = "registry+https://github.com/rust-lang/crates.io-index"
checksum = "9ed9a281f7bc9b7576e61468ba615a66a5c8cfdff42420a70aa82701a3b1e292"
dependencies = [
 "block-buffer 0.10.4",
 "crypto-common 0.1.7",
]

[[package]]
name = "digest"
version = "0.11.3"
source = "registry+https://github.com/rust-lang/crates.io-index"
checksum = "f1dd6dbb5841937940781866fa1281a1ff7bd3bf827091440879f9994983d5c2"
dependencies = [
 "block-buffer 0.12.1",
 "const-oid",
 "crypto-common 0.2.2",
]

[[package]]
name = "either"
version = "1.16.0"
source = "registry+https://github.com/rust-lang/crates.io-index"
checksum = "91622ff5e7162018101f2fea40d6ebf4a78bbe5a49736a2020649edf9693679e"

[[package]]
name = "equivalent"
version = "1.0.2"
source = "registry+https://github.com/rust-lang/crates.io-index"
checksum = "877a4ace8713b0bcf2a4e7eec82529c029f1d0619886d18145fea96c3ffe5c0f"

[[package]]
name = "errno"
version = "0.3.14"
source = "registry+https://github.com/rust-lang/crates.io-index"
checksum = "39cab71617ae0d63f51a36d69f866391735b51691dbda63cf6f96d042b63efeb"
dependencies = [
 "libc",
 "windows-sys",
]

[[package]]
name = "fastrand"
version = "2.4.1"
source = "registry+https://github.com/rust-lang/crates.io-index"
checksum = "9f1f227452a390804cdb637b74a86990f2a7d7ba4b7d5693aac9b4dd6defd8d6"

[[package]]
name = "find-msvc-tools"
version = "0.1.9"
source = "registry+https://github.com/rust-lang/crates.io-index"
checksum = "5baebc0774151f905a1a2cc41989300b1e6fbb29aff0ceffa1064fdd3088d582"

[[package]]
name = "fixedbitset"
version = "0.5.7"
source = "registry+https://github.com/rust-lang/crates.io-index"
checksum = "1d674e81391d1e1ab681a28d99df07927c6d4aa5b027d7da16ba32d1d21ecd99"

[[package]]
name = "fnv"
version = "1.0.7"
source = "registry+https://github.com/rust-lang/crates.io-index"
checksum = "3f9eec918d3f24069decb9af1554cad7c880e2da24a9afd88aca000531ab82c1"

[[package]]
name = "foldhash"
version = "0.1.5"
source = "registry+https://github.com/rust-lang/crates.io-index"
checksum = "d9c4f5dac5e15c24eb999c26181a6ca40b39fe946cbe4c263c7209467bc83af2"

[[package]]
name = "foldhash"
version = "0.2.0"
source = "registry+https://github.com/rust-lang/crates.io-index"
checksum = "77ce24cb58228fbb8aa041425bb1050850ac19177686ea6e0f41a70416f56fdb"

[[package]]
name = "generic-array"
version = "0.14.7"
source = "registry+https://github.com/rust-lang/crates.io-index"
checksum = "85649ca51fd72272d7821adaf274ad91c288277713d9c18820d8499a7ff69e9a"
dependencies = [
 "typenum",
 "version_check",
]

[[package]]
name = "getrandom"
version = "0.3.4"
source = "registry+https://github.com/rust-lang/crates.io-index"
checksum = "899def5c37c4fd7b2664648c28120ecec138e4d395b459e5ca34f9cce2dd77fd"
dependencies = [
 "cfg-if",
 "libc",
 "r-efi 5.3.0",
 "wasip2",
]

[[package]]
name = "getrandom"
version = "0.4.3"
source = "registry+https://github.com/rust-lang/crates.io-index"
checksum = "300e883d756b2e4ec94e02791f39b04b522276138852cfc41d9fb7e904106099"
dependencies = [
 "cfg-if",
 "libc",
 "r-efi 6.0.0",
]

[[package]]
name = "hashbrown"
version = "0.15.5"
source = "registry+https://github.com/rust-lang/crates.io-index"
checksum = "9229cfe53dfd69f0609a49f65461bd93001ea1ef889cd5529dd176593f5338a1"
dependencies = [
 "allocator-api2",
 "equivalent",
 "foldhash 0.1.5",
]

[[package]]
name = "hashbrown"
version = "0.17.1"
source = "registry+https://github.com/rust-lang/crates.io-index"
checksum = "ed5909b6e89a2db4456e54cd5f673791d7eca6732202bbf2a9cc504fe2f9b84a"
dependencies = [
 "allocator-api2",
 "equivalent",
 "foldhash 0.2.0",
 "serde",
 "serde_core",
]

[[package]]
name = "hybrid-array"
version = "0.4.13"
source = "registry+https://github.com/rust-lang/crates.io-index"
checksum = "818356c5132c1fede50f837ca96afbe78ff42413047f4abb886217845e1b6c8c"
dependencies = [
 "typenum",
]

[[package]]
name = "itoa"
version = "1.0.18"
source = "registry+https://github.com/rust-lang/crates.io-index"
checksum = "8f42a60cbdf9a97f5d2305f08a87dc4e09308d1276d28c869c684d7777685682"

[[package]]
name = "jobserver"
version = "0.1.35"
source = "registry+https://github.com/rust-lang/crates.io-index"
checksum = "1c00acbd29eabad4a2392fa0e921c874934dbbf4194312ad20f04a0ed67a3cb3"
dependencies = [
 "getrandom 0.4.3",
 "libc",
]

[[package]]
name = "lazy_static"
version = "1.5.0"
source = "registry+https://github.com/rust-lang/crates.io-index"
checksum = "bbd2bcb4c963f2ddae06a2efc7e9f3591312473c50c6685e1f298068316e66fe"

[[package]]
name = "libc"
version = "0.2.186"
source = "registry+https://github.com/rust-lang/crates.io-index"
checksum = "68ab91017fe16c622486840e4c83c9a37afeff978bd239b5293d61ece587de66"

[[package]]
name = "linux-raw-sys"
version = "0.12.1"
source = "registry+https://github.com/rust-lang/crates.io-index"
checksum = "32a66949e030da00e8c7d4434b251670a91556f4144941d37452769c25d58a53"

[[package]]
name = "lock_api"
version = "0.4.14"
source = "registry+https://github.com/rust-lang/crates.io-index"
checksum = "224399e74b87b5f3557511d98dff8b14089b3dadafcab6bb93eab67d3aace965"
dependencies = [
 "scopeguard",
]

[[package]]
name = "logos"
version = "0.15.1"
source = "registry+https://github.com/rust-lang/crates.io-index"
checksum = "ff472f899b4ec2d99161c51f60ff7075eeb3097069a36050d8037a6325eb8154"
dependencies = [
 "logos-derive",
]

[[package]]
name = "logos-codegen"
version = "0.15.1"
source = "registry+https://github.com/rust-lang/crates.io-index"
checksum = "192a3a2b90b0c05b27a0b2c43eecdb7c415e29243acc3f89cc8247a5b693045c"
dependencies = [
 "beef",
 "fnv",
 "lazy_static",
 "proc-macro2",
 "quote",
 "regex-syntax",
 "rustc_version",
 "syn",
]

[[package]]
name = "logos-derive"
version = "0.15.1"
source = "registry+https://github.com/rust-lang/crates.io-index"
checksum = "605d9697bcd5ef3a42d38efc51541aa3d6a4a25f7ab6d1ed0da5ac632a26b470"
dependencies = [
 "logos-codegen",
]

[[package]]
name = "lz4_flex"
version = "0.13.1"
source = "registry+https://github.com/rust-lang/crates.io-index"
checksum = "7ef0d4ed8669f8f8826eb00dc878084aa8f253506c4fd5e8f58f5bce72ddb97e"
dependencies = [
 "twox-hash",
]

[[package]]
name = "memchr"
version = "2.8.1"
source = "registry+https://github.com/rust-lang/crates.io-index"
checksum = "6b947ae49db0d222b1dbc6b113ce7248a3fc3a6ca21b696717bfc000ba4484d8"

[[package]]
name = "num-bigint"
version = "0.4.8"
source = "registry+https://github.com/rust-lang/crates.io-index"
checksum = "c89e69e7e0f03bea5ef08013795c25018e101932225a656383bd384495ecc367"
dependencies = [
 "num-integer",
 "num-traits",
 "serde",
]

[[package]]
name = "num-integer"
version = "0.1.46"
source = "registry+https://github.com/rust-lang/crates.io-index"
checksum = "7969661fd2958a5cb096e56c8e1ad0444ac2bbcd0061bd28660485a44879858f"
dependencies = [
 "num-traits",
]

[[package]]
name = "num-rational"
version = "0.4.2"
source = "registry+https://github.com/rust-lang/crates.io-index"
checksum = "f83d14da390562dca69fc84082e73e548e1ad308d24accdedd2720017cb37824"
dependencies = [
 "num-bigint",
 "num-integer",
 "num-traits",
 "serde",
]

[[package]]
name = "num-traits"
version = "0.2.19"
source = "registry+https://github.com/rust-lang/crates.io-index"
checksum = "071dfc062690e90b734c0b2273ce72ad0ffa95f0c74596bc250dcfd960262841"
dependencies = [
 "autocfg",
]

[[package]]
name = "object"
version = "0.37.3"
source = "registry+https://github.com/rust-lang/crates.io-index"
checksum = "ff76201f031d8863c38aa7f905eca4f53abbfa15f609db4277d44cd8938f33fe"
dependencies = [
 "memchr",
]

[[package]]
name = "once_cell"
version = "1.21.4"
source = "registry+https://github.com/rust-lang/crates.io-index"
checksum = "9f7c3e4beb33f85d45ae3e3a1792185706c8e16d043238c593331cc7cd313b50"

[[package]]
name = "parking_lot"
version = "0.12.5"
source = "registry+https://github.com/rust-lang/crates.io-index"
checksum = "93857453250e3077bd71ff98b6a65ea6621a19bb0f559a85248955ac12c45a1a"
dependencies = [
 "lock_api",
 "parking_lot_core",
]

[[package]]
name = "parking_lot_core"
version = "0.9.12"
source = "registry+https://github.com/rust-lang/crates.io-index"
checksum = "2621685985a2ebf1c516881c026032ac7deafcda1a2c9b7850dc81e3dfcb64c1"
dependencies = [
 "cfg-if",
 "libc",
 "redox_syscall",
 "smallvec",
 "windows-link",
]

[[package]]
name = "pin-project-lite"
version = "0.2.17"
source = "registry+https://github.com/rust-lang/crates.io-index"
checksum = "a89322df9ebe1c1578d689c92318e070967d1042b512afbe49518723f4e6d5cd"

[[package]]
name = "pkg-config"
version = "0.3.33"
source = "registry+https://github.com/rust-lang/crates.io-index"
checksum = "19f132c84eca552bf34cab8ec81f1c1dcc229b811638f9d283dceabe58c5569e"

[[package]]
name = "proc-macro2"
version = "1.0.106"
source = "registry+https://github.com/rust-lang/crates.io-index"
checksum = "8fd00f0bb2e90d81d1044c2b32617f68fcb9fa3bb7640c23e9c748e53fb30934"
dependencies = [
 "unicode-ident",
]

[[package]]
name = "psm"
version = "0.1.31"
source = "registry+https://github.com/rust-lang/crates.io-index"
checksum = "645dbe486e346d9b5de3ef16ede18c26e6c70ad97418f4874b8b1889d6e761ea"
dependencies = [
 "ar_archive_writer",
 "cc",
]

[[package]]
name = "quote"
version = "1.0.45"
source = "registry+https://github.com/rust-lang/crates.io-index"
checksum = "41f2619966050689382d2b44f664f4bc593e129785a36d6ee376ddf37259b924"
dependencies = [
 "proc-macro2",
]

[[package]]
name = "r-efi"
version = "5.3.0"
source = "registry+https://github.com/rust-lang/crates.io-index"
checksum = "69cdb34c158ceb288df11e18b4bd39de994f6657d83847bdffdbd7f346754b0f"

[[package]]
name = "r-efi"
version = "6.0.0"
source = "registry+https://github.com/rust-lang/crates.io-index"
checksum = "f8dcc9c7d52a811697d2151c701e0d08956f92b0e24136cf4cf27b57a6a0d9bf"

[[package]]
name = "rayon"
version = "1.12.0"
source = "registry+https://github.com/rust-lang/crates.io-index"
checksum = "fb39b166781f92d482534ef4b4b1b2568f42613b53e5b6c160e24cfbfa30926d"
dependencies = [
 "either",
 "rayon-core",
]

[[package]]
name = "rayon-core"
version = "1.13.0"
source = "registry+https://github.com/rust-lang/crates.io-index"
checksum = "22e18b0f0062d30d4230b2e85ff77fdfe4326feb054b9783a3460d8435c8ab91"
dependencies = [
 "crossbeam-deque",
 "crossbeam-utils",
]

[[package]]
name = "redox_syscall"
version = "0.5.18"
source = "registry+https://github.com/rust-lang/crates.io-index"
checksum = "ed2bf2547551a7053d6fdfafda3f938979645c44812fbfcda098faae3f1a362d"
dependencies = [
 "bitflags",
]

[[package]]
name = "regex-syntax"
version = "0.8.11"
source = "registry+https://github.com/rust-lang/crates.io-index"
checksum = "d6f6ff9a378485b298a5286656da665ba74413d36db0979633275d2e708145d4"

[[package]]
name = "rmp"
version = "0.8.15"
source = "registry+https://github.com/rust-lang/crates.io-index"
checksum = "4ba8be72d372b2c9b35542551678538b562e7cf86c3315773cae48dfbfe7790c"
dependencies = [
 "num-traits",
]

[[package]]
name = "rmp-serde"
version = "1.3.1"
source = "registry+https://github.com/rust-lang/crates.io-index"
checksum = "72f81bee8c8ef9b577d1681a70ebbc962c232461e397b22c208c43c04b67a155"
dependencies = [
 "rmp",
 "serde",
]

[[package]]
name = "rustc-hash"
version = "2.1.3"
source = "registry+https://github.com/rust-lang/crates.io-index"
checksum = "6b1e7f9a428571be2dc5bc0505c13fb6bf936822b894ec87abf8a08a4e51742d"

[[package]]
name = "rustc_codegen_trust_cg"
version = "0.1.0"
dependencies = [
 "trust-cg-codegen",
 "trust-cg-lower",
 "trust-cg-verify",
 "trust-ir",
]

[[package]]
name = "rustc_version"
version = "0.4.1"
source = "registry+https://github.com/rust-lang/crates.io-index"
checksum = "cfcb3a22ef46e85b45de6ee7e79d063319ebb6594faafcf1c225ea92ab6e9b92"
dependencies = [
 "semver",
]

[[package]]
name = "rustix"
version = "1.1.4"
source = "registry+https://github.com/rust-lang/crates.io-index"
checksum = "b6fe4565b9518b83ef4f91bb47ce29620ca828bd32cb7e408f0062e9930ba190"
dependencies = [
 "bitflags",
 "errno",
 "libc",
 "linux-raw-sys",
 "windows-sys",
]

[[package]]
name = "scopeguard"
version = "1.2.0"
source = "registry+https://github.com/rust-lang/crates.io-index"
checksum = "94143f37725109f92c262ed2cf5e59bce7498c01bcc1502d7b9afe439a4e9f49"

[[package]]
name = "semver"
version = "1.0.28"
source = "registry+https://github.com/rust-lang/crates.io-index"
checksum = "8a7852d02fc848982e0c167ef163aaff9cd91dc640ba85e263cb1ce46fae51cd"

[[package]]
name = "serde"
version = "1.0.228"
source = "registry+https://github.com/rust-lang/crates.io-index"
checksum = "9a8e94ea7f378bd32cbbd37198a4a91436180c5bb472411e48b5ec2e2124ae9e"
dependencies = [
 "serde_core",
 "serde_derive",
]

[[package]]
name = "serde_core"
version = "1.0.228"
source = "registry+https://github.com/rust-lang/crates.io-index"
checksum = "41d385c7d4ca58e59fc732af25c3983b67ac852c1a25000afe1175de458b67ad"
dependencies = [
 "serde_derive",
]

[[package]]
name = "serde_derive"
version = "1.0.228"
source = "registry+https://github.com/rust-lang/crates.io-index"
checksum = "d540f220d3187173da220f885ab66608367b6574e925011a9353e4badda91d79"
dependencies = [
 "proc-macro2",
 "quote",
 "syn",
]

[[package]]
name = "serde_json"
version = "1.0.150"
source = "registry+https://github.com/rust-lang/crates.io-index"
checksum = "e8014e44b4736ed0538adeecded0fce2a272f22dc9578a7eb6b2d9993c74cfb9"
dependencies = [
 "itoa",
 "memchr",
 "serde",
 "serde_core",
 "zmij",
]

[[package]]
name = "sha2"
version = "0.10.9"
source = "registry+https://github.com/rust-lang/crates.io-index"
checksum = "a7507d819769d01a365ab707794a4084392c824f54a7a6a7862f8c3d0892b283"
dependencies = [
 "cfg-if",
 "cpufeatures 0.2.17",
 "digest 0.10.7",
 "sha2-asm",
]

[[package]]
name = "sha2"
version = "0.11.0"
source = "registry+https://github.com/rust-lang/crates.io-index"
checksum = "446ba717509524cb3f22f17ecc096f10f4822d76ab5c0b9822c5f9c284e825f4"
dependencies = [
 "cfg-if",
 "cpufeatures 0.3.0",
 "digest 0.11.3",
]

[[package]]
name = "sha2-asm"
version = "0.6.4"
source = "registry+https://github.com/rust-lang/crates.io-index"
checksum = "b845214d6175804686b2bd482bcffe96651bb2d1200742b712003504a2dac1ab"
dependencies = [
 "cc",
]

[[package]]
name = "shlex"
version = "2.0.1"
source = "registry+https://github.com/rust-lang/crates.io-index"
checksum = "f8fadd59c855ef2080decdef8ff161eb6661b86933c9d82e5ba29dc602a55aba"

[[package]]
name = "signal-hook"
version = "0.3.18"
source = "registry+https://github.com/rust-lang/crates.io-index"
checksum = "d881a16cf4426aa584979d30bd82cb33429027e42122b169753d6ef1085ed6e2"
dependencies = [
 "libc",
 "signal-hook-registry",
]

[[package]]
name = "signal-hook-registry"
version = "1.4.8"
source = "registry+https://github.com/rust-lang/crates.io-index"
checksum = "c4db69cba1110affc0e9f7bcd48bbf87b3f4fc7c61fc9155afd4c469eb3d6c1b"
dependencies = [
 "errno",
 "libc",
]

[[package]]
name = "smallvec"
version = "1.15.2"
source = "registry+https://github.com/rust-lang/crates.io-index"
checksum = "8ed6a63f02c8539c91a8685a86f4099661ba3da017932f6ebbea6de3f0fa7c90"
dependencies = [
 "serde",
]

[[package]]
name = "stacker"
version = "0.1.24"
source = "registry+https://github.com/rust-lang/crates.io-index"
checksum = "640c8cdd92b6b12f5bcb1803ca3bbf5ab96e5e6b6b96b9ab77dabe9e880b3190"
dependencies = [
 "cc",
 "cfg-if",
 "libc",
 "psm",
 "windows-sys",
]

[[package]]
name = "syn"
version = "2.0.117"
source = "registry+https://github.com/rust-lang/crates.io-index"
checksum = "e665b8803e7b1d2a727f4023456bbbbe74da67099c585258af0ad9c5013b9b99"
dependencies = [
 "proc-macro2",
 "quote",
 "unicode-ident",
]

[[package]]
name = "tempfile"
version = "3.27.0"
source = "registry+https://github.com/rust-lang/crates.io-index"
checksum = "32497e9a4c7b38532efcdebeef879707aa9f794296a4f0244f6f69e9bc8574bd"
dependencies = [
 "fastrand",
 "getrandom 0.4.3",
 "once_cell",
 "rustix",
 "windows-sys",
]

[[package]]
name = "thiserror"
version = "2.0.18"
source = "registry+https://github.com/rust-lang/crates.io-index"
checksum = "4288b5bcbc7920c07a1149a35cf9590a2aa808e0bc1eafaade0b80947865fbc4"
dependencies = [
 "thiserror-impl",
]

[[package]]
name = "thiserror-impl"
version = "2.0.18"
source = "registry+https://github.com/rust-lang/crates.io-index"
checksum = "ebc4ee7f67670e9b64d05fa4253e753e016c6c95ff35b89b7941d6b856dec1d5"
dependencies = [
 "proc-macro2",
 "quote",
 "syn",
]

[[package]]
name = "tracing"
version = "0.1.44"
source = "registry+https://github.com/rust-lang/crates.io-index"
checksum = "63e71662fa4b2a2c3a26f570f037eb95bb1f85397f3cd8076caed2f026a6d100"
dependencies = [
 "pin-project-lite",
 "tracing-attributes",
 "tracing-core",
]

[[package]]
name = "tracing-attributes"
version = "0.1.31"
source = "registry+https://github.com/rust-lang/crates.io-index"
checksum = "7490cfa5ec963746568740651ac6781f701c9c5ea257c58e057f3ba8cf69e8da"
dependencies = [
 "proc-macro2",
 "quote",
 "syn",
]

[[package]]
name = "tracing-core"
version = "0.1.36"
source = "registry+https://github.com/rust-lang/crates.io-index"
checksum = "db97caf9d906fbde555dd62fa95ddba9eecfd14cb388e4f491a66d74cd5fb79a"
dependencies = [
 "once_cell",
]

[[package]]
name = "trust-cg-codegen"
version = "0.2.0"
dependencies = [
 "rayon",
 "serde",
 "serde_json",
 "sha2 0.10.9",
 "thiserror",
 "trust-cg-dialect",
 "trust-cg-ir",
 "trust-cg-lower",
 "trust-cg-opt",
 "trust-cg-process-env",
 "trust-cg-regalloc",
 "trust-cg-verify",
 "trust-ir",
 "trust-ir-build",
]

[[package]]
name = "trust-cg-dialect"
version = "0.2.0"
dependencies = [
 "trust-cg-ir",
]

[[package]]
name = "trust-cg-drat-trim"
version = "0.2.0"
dependencies = [
 "cc",
]

[[package]]
name = "trust-cg-ir"
version = "0.2.0"
dependencies = [
 "serde",
 "serde_json",
]

[[package]]
name = "trust-cg-lower"
version = "0.2.0"
dependencies = [
 "serde",
 "thiserror",
 "trust-cg-ir",
 "trust-ir",
 "trust-ir-build",
]

[[package]]
name = "trust-cg-opt"
version = "0.2.0"
dependencies = [
 "serde",
 "serde_json",
 "thiserror",
 "trust-cg-ir",
 "trust-cg-lower",
 "trust-cg-process-env",
]

[[package]]
name = "trust-cg-process-env"
version = "0.2.0"

[[package]]
name = "trust-cg-regalloc"
version = "0.2.0"
dependencies = [
 "ay-pb",
 "ay-sat",
 "thiserror",
 "trust-cg-ir",
 "trust-cg-process-env",
]

[[package]]
name = "trust-cg-verify"
version = "0.2.0"
dependencies = [
 "rayon",
 "rmp-serde",
 "serde",
 "serde_json",
 "sha2 0.10.9",
 "tempfile",
 "thiserror",
 "trust-cg-drat-trim",
 "trust-cg-ir",
 "trust-cg-lower",
 "trust-cg-opt",
 "trust-cg-process-env",
 "trust-ir",
]

[[package]]
name = "trust-ir"
version = "0.5.0"
source = "git+https://github.com/alabsystems/trust-ir.git?rev=32a2c54b555c884a40020093f5910cbb5e2050ab#32a2c54b555c884a40020093f5910cbb5e2050ab"
dependencies = [
 "bincode 1.3.3",
 "clean-kernel",
 "serde",
 "sha2 0.10.9",
]

[[package]]
name = "trust-ir-build"
version = "0.5.0"
source = "git+https://github.com/alabsystems/trust-ir.git?rev=32a2c54b555c884a40020093f5910cbb5e2050ab#32a2c54b555c884a40020093f5910cbb5e2050ab"
dependencies = [
 "clean-kernel",
 "rayon",
 "trust-ir",
 "trust-ir-giveback",
]

[[package]]
name = "trust-ir-giveback"
version = "0.5.0"
source = "git+https://github.com/alabsystems/trust-ir.git?rev=32a2c54b555c884a40020093f5910cbb5e2050ab#32a2c54b555c884a40020093f5910cbb5e2050ab"
dependencies = [
 "trust-ir",
]

[[package]]
name = "twox-hash"
version = "2.1.2"
source = "registry+https://github.com/rust-lang/crates.io-index"
checksum = "9ea3136b675547379c4bd395ca6b938e5ad3c3d20fad76e7fe85f9e0d011419c"

[[package]]
name = "typenum"
version = "1.20.1"
source = "registry+https://github.com/rust-lang/crates.io-index"
checksum = "b6f5e870be6c3b371b77fe0ee0bafb859fa4964b4404c27de1d380043c4dda20"

[[package]]
name = "unicode-ident"
version = "1.0.24"
source = "registry+https://github.com/rust-lang/crates.io-index"
checksum = "e6e4313cd5fcd3dad5cafa179702e2b244f760991f45397d14d4ebf38247da75"

[[package]]
name = "unty"
version = "0.0.4"
source = "registry+https://github.com/rust-lang/crates.io-index"
checksum = "6d49784317cd0d1ee7ec5c716dd598ec5b4483ea832a2dced265471cc0f690ae"

[[package]]
name = "version_check"
version = "0.9.5"
source = "registry+https://github.com/rust-lang/crates.io-index"
checksum = "0b928f33d975fc6ad9f86c8f283853ad26bdd5b10b7f1542aa2fa15e2289105a"

[[package]]
name = "virtue"
version = "0.0.18"
source = "registry+https://github.com/rust-lang/crates.io-index"
checksum = "051eb1abcf10076295e815102942cc58f9d5e3b4560e46e53c21e8ff6f3af7b1"

[[package]]
name = "wasip2"
version = "1.0.4+wasi-0.2.12"
source = "registry+https://github.com/rust-lang/crates.io-index"
checksum = "b67efb37e106e55ce722a510d6b5f9c17f083e5fc79afc2badeb12cc313d9487"
dependencies = [
 "wit-bindgen",
]

[[package]]
name = "windows-link"
version = "0.2.1"
source = "registry+https://github.com/rust-lang/crates.io-index"
checksum = "f0805222e57f7521d6a62e36fa9163bc891acd422f971defe97d64e70d0a4fe5"

[[package]]
name = "windows-sys"
version = "0.61.2"
source = "registry+https://github.com/rust-lang/crates.io-index"
checksum = "ae137229bcbd6cdf0f7b80a31df61766145077ddf49416a728b02cb3921ff3fc"
dependencies = [
 "windows-link",
]

[[package]]
name = "wit-bindgen"
version = "0.57.1"
source = "registry+https://github.com/rust-lang/crates.io-index"
checksum = "1ebf944e87a7c253233ad6766e082e3cd714b5d03812acc24c318f549614536e"

[[package]]
name = "zerocopy"
version = "0.8.54"
source = "registry+https://github.com/rust-lang/crates.io-index"
checksum = "b7cbbc0a705a0fd05cc3676525980d2bf5a9bc4adac6d6475209a7887cf59d19"
dependencies = [
 "zerocopy-derive",
]

[[package]]
name = "zerocopy-derive"
version = "0.8.54"
source = "registry+https://github.com/rust-lang/crates.io-index"
checksum = "e2e817b7b52d0c7358d3246da9d69935ebb18116b2b102b4230dac079b4862f5"
dependencies = [
 "proc-macro2",
 "quote",
 "syn",
]

[[package]]
name = "zmij"
version = "1.0.21"
source = "registry+https://github.com/rust-lang/crates.io-index"
checksum = "b8848ee67ecc8aedbaf3e4122217aff892639231befc6a1b58d29fff4c2cabaa"

[[package]]
name = "zstd"
version = "0.13.3"
source = "registry+https://github.com/rust-lang/crates.io-index"
checksum = "e91ee311a569c327171651566e07972200e76fcfe2242a4fa446149a3881c08a"
dependencies = [
 "zstd-safe",
]

[[package]]
name = "zstd-safe"
version = "7.2.4"
source = "registry+https://github.com/rust-lang/crates.io-index"
checksum = "8f49c4d5f0abb602a93fb8736af2a4f4dd9512e36f7f570d66e65ff867ed3b9d"
dependencies = [
 "zstd-sys",
]

[[package]]
name = "zstd-sys"
version = "2.0.16+zstd.1.5.7"
source = "registry+https://github.com/rust-lang/crates.io-index"
checksum = "91e19ebc2adc8f83e43039e79776e3fda8ca919132d68a1fed6a5faca2683748"
dependencies = [
 "cc",
 "pkg-config",
]
